
Microsoft Visual Studio Solution File, Format Version 12.00
# Visual Studio 15
VisualStudioVersion = 15.0.27428.2037
MinimumVisualStudioVersion = 10.0.40219.1
Project("{FAE04EC0-301F-11D3-BF4B-00C04F79EFBC}") = "BirthDaysApp", "BirthDaysApp\BirthDaysApp.csproj", "{0D1ECFF1-6BAA-4607-8186-547ADE2E9A37}"
EndProject
Global
	GlobalSection(SolutionConfigurationPlatforms) = preSolution
		Debug|Any CPU = Debug|Any CPU
		Release|Any CPU = Release|Any CPU
	EndGlobalSection
	GlobalSection(ProjectConfigurationPlatforms) = postSolution
		{0D1ECFF1-6BAA-4607-8186-547ADE2E9A37}.Debug|Any CPU.ActiveCfg = Debug|Any CPU
		{0D1ECFF1-6BAA-4607-8186-547ADE2E9A37}.Debug|Any CPU.Build.0 = Debug|Any CPU
		{0D1ECFF1-6BAA-4607-8186-547ADE2E9A37}.Release|Any CPU.ActiveCfg = Release|Any CPU
		{0D1ECFF1-6BAA-4607-8186-547ADE2E9A37}.Release|Any CPU.Build.0 = Release|Any CPU
	EndGlobalSection
	GlobalSection(SolutionProperties) = preSolution
		HideSolutionNode = FALSE
	EndGlobalSection
	GlobalSection(ExtensibilityGlobals) = postSolution
		SolutionGuid = {DE3884D2-9E7F-4863-BBB0-0ED6BDEB4A20}
	EndGlobalSection
EndGlobal
