
Microsoft Visual Studio Solution File, Format Version 12.00
# Visual Studio 15
VisualStudioVersion = 15.0.27703.2000
MinimumVisualStudioVersion = 10.0.40219.1
Project("{9A19103F-16F7-4668-BE54-9A1E7A4F7556}") = "SimpleCommerce3", "SimpleCommerce3\SimpleCommerce3.csproj", "{815E3E1C-E1C9-487F-869F-493423DF4BFD}"
EndProject
Project("{9A19103F-16F7-4668-BE54-9A1E7A4F7556}") = "ReflectionIT.Mvc.Paging", "ReflectionIT.Mvc.Paging\ReflectionIT.Mvc.Paging.csproj", "{6FF99869-3B42-4188-AE1F-F901A573E6D8}"
EndProject
Global
	GlobalSection(SolutionConfigurationPlatforms) = preSolution
		Debug|Any CPU = Debug|Any CPU
		Release|Any CPU = Release|Any CPU
	EndGlobalSection
	GlobalSection(ProjectConfigurationPlatforms) = postSolution
		{815E3E1C-E1C9-487F-869F-493423DF4BFD}.Debug|Any CPU.ActiveCfg = Debug|Any CPU
		{815E3E1C-E1C9-487F-869F-493423DF4BFD}.Debug|Any CPU.Build.0 = Debug|Any CPU
		{815E3E1C-E1C9-487F-869F-493423DF4BFD}.Release|Any CPU.ActiveCfg = Release|Any CPU
		{815E3E1C-E1C9-487F-869F-493423DF4BFD}.Release|Any CPU.Build.0 = Release|Any CPU
		{6FF99869-3B42-4188-AE1F-F901A573E6D8}.Debug|Any CPU.ActiveCfg = Debug|Any CPU
		{6FF99869-3B42-4188-AE1F-F901A573E6D8}.Debug|Any CPU.Build.0 = Debug|Any CPU
		{6FF99869-3B42-4188-AE1F-F901A573E6D8}.Release|Any CPU.ActiveCfg = Release|Any CPU
		{6FF99869-3B42-4188-AE1F-F901A573E6D8}.Release|Any CPU.Build.0 = Release|Any CPU
	EndGlobalSection
	GlobalSection(SolutionProperties) = preSolution
		HideSolutionNode = FALSE
	EndGlobalSection
	GlobalSection(ExtensibilityGlobals) = postSolution
		SolutionGuid = {0A19B255-ABF8-4204-A507-5084137064E2}
	EndGlobalSection
EndGlobal
